
Microsoft Visual Studio Solution File, Format Version 12.00
# Visual Studio Version 16
VisualStudioVersion = 16.0.30503.244
MinimumVisualStudioVersion = 10.0.40219.1
Project("{FAE04EC0-301F-11D3-BF4B-00C04F79EFBC}") = "Dnn.Modules.ModuleCreator", "Dnn.Modules.ModuleCreator.csproj", "{BD519B8A-169C-4328-BF67-62CD278435BC}"
EndProject
Project("{9A19103F-16F7-4668-BE54-9A1E7A4F7556}") = "_build", "build\_build.csproj", "{A8DFAD83-8270-4E86-AB1D-3FEA67D5862B}"
EndProject
Global
	GlobalSection(SolutionConfigurationPlatforms) = preSolution
		Debug|Any CPU = Debug|Any CPU
		Release|Any CPU = Release|Any CPU
	EndGlobalSection
	GlobalSection(ProjectConfigurationPlatforms) = postSolution
		{A8DFAD83-8270-4E86-AB1D-3FEA67D5862B}.Debug|Any CPU.ActiveCfg = Debug|Any CPU
		{A8DFAD83-8270-4E86-AB1D-3FEA67D5862B}.Release|Any CPU.ActiveCfg = Release|Any CPU
		{BD519B8A-169C-4328-BF67-62CD278435BC}.Debug|Any CPU.ActiveCfg = Debug|Any CPU
		{BD519B8A-169C-4328-BF67-62CD278435BC}.Debug|Any CPU.Build.0 = Debug|Any CPU
		{BD519B8A-169C-4328-BF67-62CD278435BC}.Release|Any CPU.ActiveCfg = Release|Any CPU
		{BD519B8A-169C-4328-BF67-62CD278435BC}.Release|Any CPU.Build.0 = Release|Any CPU
	EndGlobalSection
	GlobalSection(SolutionProperties) = preSolution
		HideSolutionNode = FALSE
	EndGlobalSection
	GlobalSection(ExtensibilityGlobals) = postSolution
		SolutionGuid = {19A79554-BE66-49ED-BBD7-BC84319E2DE8}
	EndGlobalSection
EndGlobal
